// !$*UTF8*$!
{
	archiveVersion = 1;
	classes = {
	};
	objectVersion = 46;
	objects = {

/* Begin PBXAggregateTarget section */
		FFB7CCF41C29ABFF0051004B /* PDFExporterUniversal */ = {
			isa = PBXAggregateTarget;
			buildConfigurationList = FFB7CCF51C29ABFF0051004B /* Build configuration list for PBXAggregateTarget "PDFExporterUniversal" */;
			buildPhases = (
				FFB7CCF81C29AC030051004B /* ShellScript */,
			);
			dependencies = (
			);
			name = PDFExporterUniversal;
			productName = PDFExporterUniversal;
		};
/* End PBXAggregateTarget section */

/* Begin PBXBuildFile section */
		FF23C4582074C074003A0333 /* PDFPrintPageRenderer+PDFRenderingDelegate.h in Headers */ = {isa = PBXBuildFile; fileRef = FF23C4562074C074003A0333 /* PDFPrintPageRenderer+PDFRenderingDelegate.h */; };
		FF23C4592074C074003A0333 /* PDFPrintPageRenderer+PDFRenderingDelegate.m in Sources */ = {isa = PBXBuildFile; fileRef = FF23C4572074C074003A0333 /* PDFPrintPageRenderer+PDFRenderingDelegate.m */; };
		FF2F463B1C3A96130048D8E8 /* UIScrollView+PDFExporterDrawing.h in Headers */ = {isa = PBXBuildFile; fileRef = FF2F46391C3A96130048D8E8 /* UIScrollView+PDFExporterDrawing.h */; settings = {ATTRIBUTES = (Public, ); }; };
		FF2F463C1C3A96130048D8E8 /* UIScrollView+PDFExporterDrawing.m in Sources */ = {isa = PBXBuildFile; fileRef = FF2F463A1C3A96130048D8E8 /* UIScrollView+PDFExporterDrawing.m */; };
		FF2F463F1C3A99190048D8E8 /* UITableView+PDFExporterDrawing.h in Headers */ = {isa = PBXBuildFile; fileRef = FF2F463D1C3A99190048D8E8 /* UITableView+PDFExporterDrawing.h */; settings = {ATTRIBUTES = (Public, ); }; };
		FF2F46401C3A99190048D8E8 /* UITableView+PDFExporterDrawing.m in Sources */ = {isa = PBXBuildFile; fileRef = FF2F463E1C3A99190048D8E8 /* UITableView+PDFExporterDrawing.m */; };
		FF4A5B5B1C5A1E56008C43B1 /* UITextView+PDFExporterDrawing.h in Headers */ = {isa = PBXBuildFile; fileRef = FF4A5B591C5A1E56008C43B1 /* UITextView+PDFExporterDrawing.h */; settings = {ATTRIBUTES = (Public, ); }; };
		FF4A5B5C1C5A1E56008C43B1 /* UITextView+PDFExporterDrawing.m in Sources */ = {isa = PBXBuildFile; fileRef = FF4A5B5A1C5A1E56008C43B1 /* UITextView+PDFExporterDrawing.m */; };
		FF5257781FDFE39500E90827 /* CGFloat+Additions.h in Headers */ = {isa = PBXBuildFile; fileRef = FF5257771FDFDC9F00E90827 /* CGFloat+Additions.h */; settings = {ATTRIBUTES = (Public, ); }; };
		FF5F961E1C577013000BDEE4 /* PDFRenderingDelegate.h in Headers */ = {isa = PBXBuildFile; fileRef = FF5F961D1C577013000BDEE4 /* PDFRenderingDelegate.h */; settings = {ATTRIBUTES = (Public, ); }; };
		FF5F96221C577324000BDEE4 /* PDFWeakObjectContainer.h in Headers */ = {isa = PBXBuildFile; fileRef = FF5F96201C577324000BDEE4 /* PDFWeakObjectContainer.h */; };
		FF5F96231C577324000BDEE4 /* PDFWeakObjectContainer.m in Sources */ = {isa = PBXBuildFile; fileRef = FF5F96211C577324000BDEE4 /* PDFWeakObjectContainer.m */; };
		FF5F96261C5774D5000BDEE4 /* UIView+PDFExporterViewSlicing.h in Headers */ = {isa = PBXBuildFile; fileRef = FF5F96241C5774D5000BDEE4 /* UIView+PDFExporterViewSlicing.h */; settings = {ATTRIBUTES = (Public, ); }; };
		FF5F96271C5774D5000BDEE4 /* UIView+PDFExporterViewSlicing.m in Sources */ = {isa = PBXBuildFile; fileRef = FF5F96251C5774D5000BDEE4 /* UIView+PDFExporterViewSlicing.m */; };
		FF5F962E1C5777DC000BDEE4 /* UIView+PDFExporterPageInformation.h in Headers */ = {isa = PBXBuildFile; fileRef = FF5F962C1C5777DB000BDEE4 /* UIView+PDFExporterPageInformation.h */; settings = {ATTRIBUTES = (Public, ); }; };
		FF5F962F1C5777DC000BDEE4 /* UIView+PDFExporterPageInformation.m in Sources */ = {isa = PBXBuildFile; fileRef = FF5F962D1C5777DB000BDEE4 /* UIView+PDFExporterPageInformation.m */; };
		FF649BA91C3D00000022A311 /* UIView+PDFExporterStatePersistance.h in Headers */ = {isa = PBXBuildFile; fileRef = FF649BA71C3D00000022A311 /* UIView+PDFExporterStatePersistance.h */; settings = {ATTRIBUTES = (Public, ); }; };
		FF649BAA1C3D00000022A311 /* UIView+PDFExporterStatePersistance.m in Sources */ = {isa = PBXBuildFile; fileRef = FF649BA81C3D00000022A311 /* UIView+PDFExporterStatePersistance.m */; };
		FF7A16401C317B0B0073001D /* PDFHeaderFooterPaging.h in Headers */ = {isa = PBXBuildFile; fileRef = FF7A163B1C317B0B0073001D /* PDFHeaderFooterPaging.h */; settings = {ATTRIBUTES = (Public, ); }; };
		FF7A16411C317B0B0073001D /* PDFPaperSizes.h in Headers */ = {isa = PBXBuildFile; fileRef = FF7A163C1C317B0B0073001D /* PDFPaperSizes.h */; settings = {ATTRIBUTES = (Public, ); }; };
		FF7A16421C317B0B0073001D /* PDFPaperSizes.m in Sources */ = {isa = PBXBuildFile; fileRef = FF7A163D1C317B0B0073001D /* PDFPaperSizes.m */; };
		FF7A16431C317B0B0073001D /* PDFPrintPageRenderer.h in Headers */ = {isa = PBXBuildFile; fileRef = FF7A163E1C317B0B0073001D /* PDFPrintPageRenderer.h */; settings = {ATTRIBUTES = (Public, ); }; };
		FF7A16441C317B0B0073001D /* PDFPrintPageRenderer.m in Sources */ = {isa = PBXBuildFile; fileRef = FF7A163F1C317B0B0073001D /* PDFPrintPageRenderer.m */; };
		FFB7CC731C29A5370051004B /* PDFExporter.h in Headers */ = {isa = PBXBuildFile; fileRef = FFB7CC721C29A5370051004B /* PDFExporter.h */; settings = {ATTRIBUTES = (Public, ); }; };
		FFB7CC7A1C29A5370051004B /* PDFExporter.framework in Frameworks */ = {isa = PBXBuildFile; fileRef = FFB7CC6F1C29A5370051004B /* PDFExporter.framework */; };
		FFB7CCA01C29A79E0051004B /* CGGeometry+Additions.h in Headers */ = {isa = PBXBuildFile; fileRef = FFB7CC8B1C29A79E0051004B /* CGGeometry+Additions.h */; };
		FFB7CCAB1C29A79F0051004B /* UIView+PDFExporterDrawing.h in Headers */ = {isa = PBXBuildFile; fileRef = FFB7CC971C29A79E0051004B /* UIView+PDFExporterDrawing.h */; settings = {ATTRIBUTES = (Public, ); }; };
		FFB7CCAC1C29A79F0051004B /* UIView+PDFExporterDrawing.m in Sources */ = {isa = PBXBuildFile; fileRef = FFB7CC981C29A79E0051004B /* UIView+PDFExporterDrawing.m */; };
		FFD879471FEBAD9500EE023C /* PDFLongContentViewFactory.m in Sources */ = {isa = PBXBuildFile; fileRef = FFD879461FEBAD9500EE023C /* PDFLongContentViewFactory.m */; };
		FFD8794A1FEBADFF00EE023C /* HeaderFooterView.m in Sources */ = {isa = PBXBuildFile; fileRef = FFD879491FEBADFF00EE023C /* HeaderFooterView.m */; };
		FFD8794E1FEBDC8C00EE023C /* UITableView+PDFExporterPageInformation.h in Headers */ = {isa = PBXBuildFile; fileRef = FFD8794C1FEBDC8C00EE023C /* UITableView+PDFExporterPageInformation.h */; };
		FFD8794F1FEBDC8C00EE023C /* UITableView+PDFExporterPageInformation.m in Sources */ = {isa = PBXBuildFile; fileRef = FFD8794D1FEBDC8C00EE023C /* UITableView+PDFExporterPageInformation.m */; };
		FFE6B43C1FE1462E0033B733 /* UIViewPersistenceState.h in Headers */ = {isa = PBXBuildFile; fileRef = FFE6B43A1FE1462E0033B733 /* UIViewPersistenceState.h */; settings = {ATTRIBUTES = (Public, ); }; };
		FFE6B43D1FE1462E0033B733 /* UIViewPersistenceState.m in Sources */ = {isa = PBXBuildFile; fileRef = FFE6B43B1FE1462E0033B733 /* UIViewPersistenceState.m */; };
		FFE6B4401FE146620033B733 /* UIView+PDFExporterStatePersistanceSubclassing.h in Headers */ = {isa = PBXBuildFile; fileRef = FFE6B43E1FE146620033B733 /* UIView+PDFExporterStatePersistanceSubclassing.h */; settings = {ATTRIBUTES = (Public, ); }; };
		FFE6B4411FE146620033B733 /* UIView+PDFExporterStatePersistanceSubclassing.m in Sources */ = {isa = PBXBuildFile; fileRef = FFE6B43F1FE146620033B733 /* UIView+PDFExporterStatePersistanceSubclassing.m */; };
		FFE6B4441FE148940033B733 /* UIScrollView+PDFExporterStatePersistanceSubclassing.h in Headers */ = {isa = PBXBuildFile; fileRef = FFE6B4421FE148940033B733 /* UIScrollView+PDFExporterStatePersistanceSubclassing.h */; settings = {ATTRIBUTES = (Public, ); }; };
		FFE6B4451FE148940033B733 /* UIScrollView+PDFExporterStatePersistanceSubclassing.m in Sources */ = {isa = PBXBuildFile; fileRef = FFE6B4431FE148940033B733 /* UIScrollView+PDFExporterStatePersistanceSubclassing.m */; };
		FFE6B4481FE148B00033B733 /* UIScrollView+PDFExporterPageInformation.h in Headers */ = {isa = PBXBuildFile; fileRef = FFE6B4461FE148B00033B733 /* UIScrollView+PDFExporterPageInformation.h */; settings = {ATTRIBUTES = (Public, ); }; };
		FFE6B4491FE148B00033B733 /* UIScrollView+PDFExporterPageInformation.m in Sources */ = {isa = PBXBuildFile; fileRef = FFE6B4471FE148B00033B733 /* UIScrollView+PDFExporterPageInformation.m */; };
		FFE6B44C1FE1493B0033B733 /* UIScrollViewPersistenceState.h in Headers */ = {isa = PBXBuildFile; fileRef = FFE6B44A1FE1493B0033B733 /* UIScrollViewPersistenceState.h */; settings = {ATTRIBUTES = (Public, ); }; };
		FFE6B44D1FE1493B0033B733 /* UIScrollViewPersistenceState.m in Sources */ = {isa = PBXBuildFile; fileRef = FFE6B44B1FE1493B0033B733 /* UIScrollViewPersistenceState.m */; };
		FFFB41971FE80302002BC7E9 /* UIViewRenderingOffsetTests.m in Sources */ = {isa = PBXBuildFile; fileRef = FFFB41961FE80302002BC7E9 /* UIViewRenderingOffsetTests.m */; };
		FFFB41991FE80388002BC7E9 /* PDFPrintPageRenderer+Private.h in Headers */ = {isa = PBXBuildFile; fileRef = FFFB41981FE80388002BC7E9 /* PDFPrintPageRenderer+Private.h */; };
/* End PBXBuildFile section */

/* Begin PBXContainerItemProxy section */
		FFB7CC7B1C29A5370051004B /* PBXContainerItemProxy */ = {
			isa = PBXContainerItemProxy;
			containerPortal = FFB7CC661C29A5370051004B /* Project object */;
			proxyType = 1;
			remoteGlobalIDString = FFB7CC6E1C29A5370051004B;
			remoteInfo = PDFExporter;
		};
/* End PBXContainerItemProxy section */

/* Begin PBXFileReference section */
		FF23C4562074C074003A0333 /* PDFPrintPageRenderer+PDFRenderingDelegate.h */ = {isa = PBXFileReference; lastKnownFileType = sourcecode.c.h; path = "PDFPrintPageRenderer+PDFRenderingDelegate.h"; sourceTree = "<group>"; };
		FF23C4572074C074003A0333 /* PDFPrintPageRenderer+PDFRenderingDelegate.m */ = {isa = PBXFileReference; lastKnownFileType = sourcecode.c.objc; path = "PDFPrintPageRenderer+PDFRenderingDelegate.m"; sourceTree = "<group>"; };
		FF2F46391C3A96130048D8E8 /* UIScrollView+PDFExporterDrawing.h */ = {isa = PBXFileReference; fileEncoding = 4; lastKnownFileType = sourcecode.c.h; path = "UIScrollView+PDFExporterDrawing.h"; sourceTree = "<group>"; };
		FF2F463A1C3A96130048D8E8 /* UIScrollView+PDFExporterDrawing.m */ = {isa = PBXFileReference; fileEncoding = 4; lastKnownFileType = sourcecode.c.objc; path = "UIScrollView+PDFExporterDrawing.m"; sourceTree = "<group>"; };
		FF2F463D1C3A99190048D8E8 /* UITableView+PDFExporterDrawing.h */ = {isa = PBXFileReference; fileEncoding = 4; lastKnownFileType = sourcecode.c.h; path = "UITableView+PDFExporterDrawing.h"; sourceTree = "<group>"; };
		FF2F463E1C3A99190048D8E8 /* UITableView+PDFExporterDrawing.m */ = {isa = PBXFileReference; fileEncoding = 4; lastKnownFileType = sourcecode.c.objc; path = "UITableView+PDFExporterDrawing.m"; sourceTree = "<group>"; };
		FF4A5B591C5A1E56008C43B1 /* UITextView+PDFExporterDrawing.h */ = {isa = PBXFileReference; fileEncoding = 4; lastKnownFileType = sourcecode.c.h; path = "UITextView+PDFExporterDrawing.h"; sourceTree = "<group>"; };
		FF4A5B5A1C5A1E56008C43B1 /* UITextView+PDFExporterDrawing.m */ = {isa = PBXFileReference; fileEncoding = 4; lastKnownFileType = sourcecode.c.objc; path = "UITextView+PDFExporterDrawing.m"; sourceTree = "<group>"; };
		FF5257771FDFDC9F00E90827 /* CGFloat+Additions.h */ = {isa = PBXFileReference; lastKnownFileType = sourcecode.c.h; path = "CGFloat+Additions.h"; sourceTree = "<group>"; };
		FF5F961D1C577013000BDEE4 /* PDFRenderingDelegate.h */ = {isa = PBXFileReference; fileEncoding = 4; lastKnownFileType = sourcecode.c.h; path = PDFRenderingDelegate.h; sourceTree = "<group>"; };
		FF5F96201C577324000BDEE4 /* PDFWeakObjectContainer.h */ = {isa = PBXFileReference; fileEncoding = 4; lastKnownFileType = sourcecode.c.h; path = PDFWeakObjectContainer.h; sourceTree = "<group>"; };
		FF5F96211C577324000BDEE4 /* PDFWeakObjectContainer.m */ = {isa = PBXFileReference; fileEncoding = 4; lastKnownFileType = sourcecode.c.objc; path = PDFWeakObjectContainer.m; sourceTree = "<group>"; };
		FF5F96241C5774D5000BDEE4 /* UIView+PDFExporterViewSlicing.h */ = {isa = PBXFileReference; fileEncoding = 4; lastKnownFileType = sourcecode.c.h; path = "UIView+PDFExporterViewSlicing.h"; sourceTree = "<group>"; };
		FF5F96251C5774D5000BDEE4 /* UIView+PDFExporterViewSlicing.m */ = {isa = PBXFileReference; fileEncoding = 4; lastKnownFileType = sourcecode.c.objc; path = "UIView+PDFExporterViewSlicing.m"; sourceTree = "<group>"; };
		FF5F962C1C5777DB000BDEE4 /* UIView+PDFExporterPageInformation.h */ = {isa = PBXFileReference; fileEncoding = 4; lastKnownFileType = sourcecode.c.h; path = "UIView+PDFExporterPageInformation.h"; sourceTree = "<group>"; };
		FF5F962D1C5777DB000BDEE4 /* UIView+PDFExporterPageInformation.m */ = {isa = PBXFileReference; fileEncoding = 4; lastKnownFileType = sourcecode.c.objc; path = "UIView+PDFExporterPageInformation.m"; sourceTree = "<group>"; };
		FF649BA71C3D00000022A311 /* UIView+PDFExporterStatePersistance.h */ = {isa = PBXFileReference; fileEncoding = 4; lastKnownFileType = sourcecode.c.h; path = "UIView+PDFExporterStatePersistance.h"; sourceTree = "<group>"; };
		FF649BA81C3D00000022A311 /* UIView+PDFExporterStatePersistance.m */ = {isa = PBXFileReference; fileEncoding = 4; lastKnownFileType = sourcecode.c.objc; path = "UIView+PDFExporterStatePersistance.m"; sourceTree = "<group>"; };
		FF7A163B1C317B0B0073001D /* PDFHeaderFooterPaging.h */ = {isa = PBXFileReference; fileEncoding = 4; lastKnownFileType = sourcecode.c.h; path = PDFHeaderFooterPaging.h; sourceTree = "<group>"; };
		FF7A163C1C317B0B0073001D /* PDFPaperSizes.h */ = {isa = PBXFileReference; fileEncoding = 4; lastKnownFileType = sourcecode.c.h; path = PDFPaperSizes.h; sourceTree = "<group>"; };
		FF7A163D1C317B0B0073001D /* PDFPaperSizes.m */ = {isa = PBXFileReference; fileEncoding = 4; lastKnownFileType = sourcecode.c.objc; path = PDFPaperSizes.m; sourceTree = "<group>"; };
		FF7A163E1C317B0B0073001D /* PDFPrintPageRenderer.h */ = {isa = PBXFileReference; fileEncoding = 4; lastKnownFileType = sourcecode.c.h; path = PDFPrintPageRenderer.h; sourceTree = "<group>"; };
		FF7A163F1C317B0B0073001D /* PDFPrintPageRenderer.m */ = {isa = PBXFileReference; fileEncoding = 4; lastKnownFileType = sourcecode.c.objc; path = PDFPrintPageRenderer.m; sourceTree = "<group>"; };
		FFB7CC6F1C29A5370051004B /* PDFExporter.framework */ = {isa = PBXFileReference; explicitFileType = wrapper.framework; includeInIndex = 0; path = PDFExporter.framework; sourceTree = BUILT_PRODUCTS_DIR; };
		FFB7CC721C29A5370051004B /* PDFExporter.h */ = {isa = PBXFileReference; lastKnownFileType = sourcecode.c.h; path = PDFExporter.h; sourceTree = "<group>"; };
		FFB7CC741C29A5370051004B /* Info.plist */ = {isa = PBXFileReference; lastKnownFileType = text.plist.xml; path = Info.plist; sourceTree = "<group>"; };
		FFB7CC791C29A5370051004B /* PDFExporterTests.xctest */ = {isa = PBXFileReference; explicitFileType = wrapper.cfbundle; includeInIndex = 0; path = PDFExporterTests.xctest; sourceTree = BUILT_PRODUCTS_DIR; };
		FFB7CC801C29A5370051004B /* Info.plist */ = {isa = PBXFileReference; lastKnownFileType = text.plist.xml; path = Info.plist; sourceTree = "<group>"; };
		FFB7CC8B1C29A79E0051004B /* CGGeometry+Additions.h */ = {isa = PBXFileReference; fileEncoding = 4; lastKnownFileType = sourcecode.c.h; path = "CGGeometry+Additions.h"; sourceTree = "<group>"; };
		FFB7CC971C29A79E0051004B /* UIView+PDFExporterDrawing.h */ = {isa = PBXFileReference; fileEncoding = 4; lastKnownFileType = sourcecode.c.h; path = "UIView+PDFExporterDrawing.h"; sourceTree = "<group>"; };
		FFB7CC981C29A79E0051004B /* UIView+PDFExporterDrawing.m */ = {isa = PBXFileReference; fileEncoding = 4; lastKnownFileType = sourcecode.c.objc; path = "UIView+PDFExporterDrawing.m"; sourceTree = "<group>"; };
		FFD879451FEBAD9500EE023C /* PDFLongContentViewFactory.h */ = {isa = PBXFileReference; lastKnownFileType = sourcecode.c.h; path = PDFLongContentViewFactory.h; sourceTree = "<group>"; };
		FFD879461FEBAD9500EE023C /* PDFLongContentViewFactory.m */ = {isa = PBXFileReference; lastKnownFileType = sourcecode.c.objc; path = PDFLongContentViewFactory.m; sourceTree = "<group>"; };
		FFD879481FEBADFF00EE023C /* HeaderFooterView.h */ = {isa = PBXFileReference; lastKnownFileType = sourcecode.c.h; path = HeaderFooterView.h; sourceTree = "<group>"; };
		FFD879491FEBADFF00EE023C /* HeaderFooterView.m */ = {isa = PBXFileReference; lastKnownFileType = sourcecode.c.objc; path = HeaderFooterView.m; sourceTree = "<group>"; };
		FFD8794C1FEBDC8C00EE023C /* UITableView+PDFExporterPageInformation.h */ = {isa = PBXFileReference; lastKnownFileType = sourcecode.c.h; path = "UITableView+PDFExporterPageInformation.h"; sourceTree = "<group>"; };
		FFD8794D1FEBDC8C00EE023C /* UITableView+PDFExporterPageInformation.m */ = {isa = PBXFileReference; lastKnownFileType = sourcecode.c.objc; path = "UITableView+PDFExporterPageInformation.m"; sourceTree = "<group>"; };
		FFE6B43A1FE1462E0033B733 /* UIViewPersistenceState.h */ = {isa = PBXFileReference; lastKnownFileType = sourcecode.c.h; path = UIViewPersistenceState.h; sourceTree = "<group>"; };
		FFE6B43B1FE1462E0033B733 /* UIViewPersistenceState.m */ = {isa = PBXFileReference; lastKnownFileType = sourcecode.c.objc; path = UIViewPersistenceState.m; sourceTree = "<group>"; };
		FFE6B43E1FE146620033B733 /* UIView+PDFExporterStatePersistanceSubclassing.h */ = {isa = PBXFileReference; lastKnownFileType = sourcecode.c.h; path = "UIView+PDFExporterStatePersistanceSubclassing.h"; sourceTree = "<group>"; };
		FFE6B43F1FE146620033B733 /* UIView+PDFExporterStatePersistanceSubclassing.m */ = {isa = PBXFileReference; lastKnownFileType = sourcecode.c.objc; path = "UIView+PDFExporterStatePersistanceSubclassing.m"; sourceTree = "<group>"; };
		FFE6B4421FE148940033B733 /* UIScrollView+PDFExporterStatePersistanceSubclassing.h */ = {isa = PBXFileReference; lastKnownFileType = sourcecode.c.h; path = "UIScrollView+PDFExporterStatePersistanceSubclassing.h"; sourceTree = "<group>"; };
		FFE6B4431FE148940033B733 /* UIScrollView+PDFExporterStatePersistanceSubclassing.m */ = {isa = PBXFileReference; lastKnownFileType = sourcecode.c.objc; path = "UIScrollView+PDFExporterStatePersistanceSubclassing.m"; sourceTree = "<group>"; };
		FFE6B4461FE148B00033B733 /* UIScrollView+PDFExporterPageInformation.h */ = {isa = PBXFileReference; lastKnownFileType = sourcecode.c.h; path = "UIScrollView+PDFExporterPageInformation.h"; sourceTree = "<group>"; };
		FFE6B4471FE148B00033B733 /* UIScrollView+PDFExporterPageInformation.m */ = {isa = PBXFileReference; lastKnownFileType = sourcecode.c.objc; path = "UIScrollView+PDFExporterPageInformation.m"; sourceTree = "<group>"; };
		FFE6B44A1FE1493B0033B733 /* UIScrollViewPersistenceState.h */ = {isa = PBXFileReference; lastKnownFileType = sourcecode.c.h; path = UIScrollViewPersistenceState.h; sourceTree = "<group>"; };
		FFE6B44B1FE1493B0033B733 /* UIScrollViewPersistenceState.m */ = {isa = PBXFileReference; lastKnownFileType = sourcecode.c.objc; path = UIScrollViewPersistenceState.m; sourceTree = "<group>"; };
		FFFB41961FE80302002BC7E9 /* UIViewRenderingOffsetTests.m */ = {isa = PBXFileReference; lastKnownFileType = sourcecode.c.objc; path = UIViewRenderingOffsetTests.m; sourceTree = "<group>"; };
		FFFB41981FE80388002BC7E9 /* PDFPrintPageRenderer+Private.h */ = {isa = PBXFileReference; lastKnownFileType = sourcecode.c.h; path = "PDFPrintPageRenderer+Private.h"; sourceTree = "<group>"; };
/* End PBXFileReference section */

/* Begin PBXFrameworksBuildPhase section */
		FFB7CC6B1C29A5370051004B /* Frameworks */ = {
			isa = PBXFrameworksBuildPhase;
			buildActionMask = 2147483647;
			files = (
			);
			runOnlyForDeploymentPostprocessing = 0;
		};
		FFB7CC761C29A5370051004B /* Frameworks */ = {
			isa = PBXFrameworksBuildPhase;
			buildActionMask = 2147483647;
			files = (
				FFB7CC7A1C29A5370051004B /* PDFExporter.framework in Frameworks */,
			);
			runOnlyForDeploymentPostprocessing = 0;
		};
/* End PBXFrameworksBuildPhase section */

/* Begin PBXGroup section */
		FF5F961F1C577324000BDEE4 /* Model */ = {
			isa = PBXGroup;
			children = (
				FF5F96201C577324000BDEE4 /* PDFWeakObjectContainer.h */,
				FF5F96211C577324000BDEE4 /* PDFWeakObjectContainer.m */,
				FFE6B43A1FE1462E0033B733 /* UIViewPersistenceState.h */,
				FFE6B43B1FE1462E0033B733 /* UIViewPersistenceState.m */,
				FFE6B44A1FE1493B0033B733 /* UIScrollViewPersistenceState.h */,
				FFE6B44B1FE1493B0033B733 /* UIScrollViewPersistenceState.m */,
			);
			path = Model;
			sourceTree = "<group>";
		};
		FF7A163A1C317B0B0073001D /* PDFRender */ = {
			isa = PBXGroup;
			children = (
				FF7A163B1C317B0B0073001D /* PDFHeaderFooterPaging.h */,
				FF5F961D1C577013000BDEE4 /* PDFRenderingDelegate.h */,
				FF7A163C1C317B0B0073001D /* PDFPaperSizes.h */,
				FF7A163D1C317B0B0073001D /* PDFPaperSizes.m */,
				FF7A163E1C317B0B0073001D /* PDFPrintPageRenderer.h */,
				FF7A163F1C317B0B0073001D /* PDFPrintPageRenderer.m */,
				FFFB41981FE80388002BC7E9 /* PDFPrintPageRenderer+Private.h */,
				FF23C4562074C074003A0333 /* PDFPrintPageRenderer+PDFRenderingDelegate.h */,
				FF23C4572074C074003A0333 /* PDFPrintPageRenderer+PDFRenderingDelegate.m */,
			);
			path = PDFRender;
			sourceTree = "<group>";
		};
		FFB7CC651C29A5370051004B = {
			isa = PBXGroup;
			children = (
				FFB7CC711C29A5370051004B /* PDFExporter */,
				FFB7CC7D1C29A5370051004B /* PDFExporterTests */,
				FFB7CC701C29A5370051004B /* Products */,
			);
			sourceTree = "<group>";
		};
		FFB7CC701C29A5370051004B /* Products */ = {
			isa = PBXGroup;
			children = (
				FFB7CC6F1C29A5370051004B /* PDFExporter.framework */,
				FFB7CC791C29A5370051004B /* PDFExporterTests.xctest */,
			);
			name = Products;
			sourceTree = "<group>";
		};
		FFB7CC711C29A5370051004B /* PDFExporter */ = {
			isa = PBXGroup;
			children = (
				FF7A163A1C317B0B0073001D /* PDFRender */,
				FFB7CC891C29A79E0051004B /* Categories */,
				FF5F961F1C577324000BDEE4 /* Model */,
				FFB7CC721C29A5370051004B /* PDFExporter.h */,
				FFB7CC741C29A5370051004B /* Info.plist */,
			);
			path = PDFExporter;
			sourceTree = "<group>";
		};
		FFB7CC7D1C29A5370051004B /* PDFExporterTests */ = {
			isa = PBXGroup;
			children = (
				FFB7CC801C29A5370051004B /* Info.plist */,
				FFFB41961FE80302002BC7E9 /* UIViewRenderingOffsetTests.m */,
				FFD879451FEBAD9500EE023C /* PDFLongContentViewFactory.h */,
				FFD879461FEBAD9500EE023C /* PDFLongContentViewFactory.m */,
				FFD879481FEBADFF00EE023C /* HeaderFooterView.h */,
				FFD879491FEBADFF00EE023C /* HeaderFooterView.m */,
			);
			path = PDFExporterTests;
			sourceTree = "<group>";
		};
		FFB7CC891C29A79E0051004B /* Categories */ = {
			isa = PBXGroup;
			children = (
				FFB7CC8A1C29A79E0051004B /* CoreGraphics */,
				FFB7CC8C1C29A79E0051004B /* UIKit */,
			);
			path = Categories;
			sourceTree = "<group>";
		};
		FFB7CC8A1C29A79E0051004B /* CoreGraphics */ = {
			isa = PBXGroup;
			children = (
				FFB7CC8B1C29A79E0051004B /* CGGeometry+Additions.h */,
				FF5257771FDFDC9F00E90827 /* CGFloat+Additions.h */,
			);
			path = CoreGraphics;
			sourceTree = "<group>";
		};
		FFB7CC8C1C29A79E0051004B /* UIKit */ = {
			isa = PBXGroup;
			children = (
				FFB7CC971C29A79E0051004B /* UIView+PDFExporterDrawing.h */,
				FFB7CC981C29A79E0051004B /* UIView+PDFExporterDrawing.m */,
				FF5F96241C5774D5000BDEE4 /* UIView+PDFExporterViewSlicing.h */,
				FF5F96251C5774D5000BDEE4 /* UIView+PDFExporterViewSlicing.m */,
				FF5F962C1C5777DB000BDEE4 /* UIView+PDFExporterPageInformation.h */,
				FF5F962D1C5777DB000BDEE4 /* UIView+PDFExporterPageInformation.m */,
				FF649BA71C3D00000022A311 /* UIView+PDFExporterStatePersistance.h */,
				FF649BA81C3D00000022A311 /* UIView+PDFExporterStatePersistance.m */,
				FFE6B43E1FE146620033B733 /* UIView+PDFExporterStatePersistanceSubclassing.h */,
				FFE6B43F1FE146620033B733 /* UIView+PDFExporterStatePersistanceSubclassing.m */,
				FF2F46391C3A96130048D8E8 /* UIScrollView+PDFExporterDrawing.h */,
				FF2F463A1C3A96130048D8E8 /* UIScrollView+PDFExporterDrawing.m */,
				FFE6B4461FE148B00033B733 /* UIScrollView+PDFExporterPageInformation.h */,
				FFE6B4471FE148B00033B733 /* UIScrollView+PDFExporterPageInformation.m */,
				FFE6B4421FE148940033B733 /* UIScrollView+PDFExporterStatePersistanceSubclassing.h */,
				FFE6B4431FE148940033B733 /* UIScrollView+PDFExporterStatePersistanceSubclassing.m */,
				FF4A5B591C5A1E56008C43B1 /* UITextView+PDFExporterDrawing.h */,
				FF4A5B5A1C5A1E56008C43B1 /* UITextView+PDFExporterDrawing.m */,
				FF2F463D1C3A99190048D8E8 /* UITableView+PDFExporterDrawing.h */,
				FF2F463E1C3A99190048D8E8 /* UITableView+PDFExporterDrawing.m */,
				FFD8794C1FEBDC8C00EE023C /* UITableView+PDFExporterPageInformation.h */,
				FFD8794D1FEBDC8C00EE023C /* UITableView+PDFExporterPageInformation.m */,
			);
			path = UIKit;
			sourceTree = "<group>";
		};
/* End PBXGroup section */

/* Begin PBXHeadersBuildPhase section */
		FFB7CC6C1C29A5370051004B /* Headers */ = {
			isa = PBXHeadersBuildPhase;
			buildActionMask = 2147483647;
			files = (
				FF5F96261C5774D5000BDEE4 /* UIView+PDFExporterViewSlicing.h in Headers */,
				FFFB41991FE80388002BC7E9 /* PDFPrintPageRenderer+Private.h in Headers */,
				FF4A5B5B1C5A1E56008C43B1 /* UITextView+PDFExporterDrawing.h in Headers */,
				FF5F961E1C577013000BDEE4 /* PDFRenderingDelegate.h in Headers */,
				FFB7CCAB1C29A79F0051004B /* UIView+PDFExporterDrawing.h in Headers */,
				FFE6B4481FE148B00033B733 /* UIScrollView+PDFExporterPageInformation.h in Headers */,
				FFD8794E1FEBDC8C00EE023C /* UITableView+PDFExporterPageInformation.h in Headers */,
				FFE6B4441FE148940033B733 /* UIScrollView+PDFExporterStatePersistanceSubclassing.h in Headers */,
				FF7A16411C317B0B0073001D /* PDFPaperSizes.h in Headers */,
				FF649BA91C3D00000022A311 /* UIView+PDFExporterStatePersistance.h in Headers */,
				FF5F962E1C5777DC000BDEE4 /* UIView+PDFExporterPageInformation.h in Headers */,
				FF7A16431C317B0B0073001D /* PDFPrintPageRenderer.h in Headers */,
				FF2F463F1C3A99190048D8E8 /* UITableView+PDFExporterDrawing.h in Headers */,
				FFE6B44C1FE1493B0033B733 /* UIScrollViewPersistenceState.h in Headers */,
				FF2F463B1C3A96130048D8E8 /* UIScrollView+PDFExporterDrawing.h in Headers */,
				FF7A16401C317B0B0073001D /* PDFHeaderFooterPaging.h in Headers */,
				FF5257781FDFE39500E90827 /* CGFloat+Additions.h in Headers */,
				FF23C4582074C074003A0333 /* PDFPrintPageRenderer+PDFRenderingDelegate.h in Headers */,
				FFB7CCA01C29A79E0051004B /* CGGeometry+Additions.h in Headers */,
				FF5F96221C577324000BDEE4 /* PDFWeakObjectContainer.h in Headers */,
				FFE6B4401FE146620033B733 /* UIView+PDFExporterStatePersistanceSubclassing.h in Headers */,
				FFB7CC731C29A5370051004B /* PDFExporter.h in Headers */,
				FFE6B43C1FE1462E0033B733 /* UIViewPersistenceState.h in Headers */,
			);
			runOnlyForDeploymentPostprocessing = 0;
		};
/* End PBXHeadersBuildPhase section */

/* Begin PBXNativeTarget section */
		FFB7CC6E1C29A5370051004B /* PDFExporter */ = {
			isa = PBXNativeTarget;
			buildConfigurationList = FFB7CC831C29A5370051004B /* Build configuration list for PBXNativeTarget "PDFExporter" */;
			buildPhases = (
				FFB7CC6A1C29A5370051004B /* Sources */,
				FFB7CC6B1C29A5370051004B /* Frameworks */,
				FFB7CC6C1C29A5370051004B /* Headers */,
				FFB7CC6D1C29A5370051004B /* Resources */,
			);
			buildRules = (
			);
			dependencies = (
			);
			name = PDFExporter;
			productName = PDFExporter;
			productReference = FFB7CC6F1C29A5370051004B /* PDFExporter.framework */;
			productType = "com.apple.product-type.framework";
		};
		FFB7CC781C29A5370051004B /* PDFExporterTests */ = {
			isa = PBXNativeTarget;
			buildConfigurationList = FFB7CC861C29A5370051004B /* Build configuration list for PBXNativeTarget "PDFExporterTests" */;
			buildPhases = (
				FFB7CC751C29A5370051004B /* Sources */,
				FFB7CC761C29A5370051004B /* Frameworks */,
				FFB7CC771C29A5370051004B /* Resources */,
			);
			buildRules = (
			);
			dependencies = (
				FFB7CC7C1C29A5370051004B /* PBXTargetDependency */,
			);
			name = PDFExporterTests;
			productName = PDFExporterTests;
			productReference = FFB7CC791C29A5370051004B /* PDFExporterTests.xctest */;
			productType = "com.apple.product-type.bundle.unit-test";
		};
/* End PBXNativeTarget section */

/* Begin PBXProject section */
		FFB7CC661C29A5370051004B /* Project object */ = {
			isa = PBXProject;
			attributes = {
				LastUpgradeCheck = 0930;
				ORGANIZATIONNAME = "3Pillar Global";
				TargetAttributes = {
					FFB7CC6E1C29A5370051004B = {
						CreatedOnToolsVersion = 7.2;
					};
					FFB7CC781C29A5370051004B = {
						CreatedOnToolsVersion = 7.2;
					};
					FFB7CCF41C29ABFF0051004B = {
						CreatedOnToolsVersion = 7.2;
					};
				};
			};
			buildConfigurationList = FFB7CC691C29A5370051004B /* Build configuration list for PBXProject "PDFExporter" */;
			compatibilityVersion = "Xcode 3.2";
			developmentRegion = English;
			hasScannedForEncodings = 0;
			knownRegions = (
				en,
			);
			mainGroup = FFB7CC651C29A5370051004B;
			productRefGroup = FFB7CC701C29A5370051004B /* Products */;
			projectDirPath = "";
			projectRoot = "";
			targets = (
				FFB7CC6E1C29A5370051004B /* PDFExporter */,
				FFB7CC781C29A5370051004B /* PDFExporterTests */,
				FFB7CCF41C29ABFF0051004B /* PDFExporterUniversal */,
			);
		};
/* End PBXProject section */

/* Begin PBXResourcesBuildPhase section */
		FFB7CC6D1C29A5370051004B /* Resources */ = {
			isa = PBXResourcesBuildPhase;
			buildActionMask = 2147483647;
			files = (
			);
			runOnlyForDeploymentPostprocessing = 0;
		};
		FFB7CC771C29A5370051004B /* Resources */ = {
			isa = PBXResourcesBuildPhase;
			buildActionMask = 2147483647;
			files = (
			);
			runOnlyForDeploymentPostprocessing = 0;
		};
/* End PBXResourcesBuildPhase section */

/* Begin PBXShellScriptBuildPhase section */
		FFB7CCF81C29AC030051004B /* ShellScript */ = {
			isa = PBXShellScriptBuildPhase;
			buildActionMask = 2147483647;
			files = (
			);
			inputPaths = (
			);
			outputPaths = (
			);
			runOnlyForDeploymentPostprocessing = 0;
			shellPath = /bin/sh;
			shellScript = ./build.sh;
		};
/* End PBXShellScriptBuildPhase section */

/* Begin PBXSourcesBuildPhase section */
		FFB7CC6A1C29A5370051004B /* Sources */ = {
			isa = PBXSourcesBuildPhase;
			buildActionMask = 2147483647;
			files = (
				FF4A5B5C1C5A1E56008C43B1 /* UITextView+PDFExporterDrawing.m in Sources */,
				FFB7CCAC1C29A79F0051004B /* UIView+PDFExporterDrawing.m in Sources */,
				FF7A16421C317B0B0073001D /* PDFPaperSizes.m in Sources */,
				FF23C4592074C074003A0333 /* PDFPrintPageRenderer+PDFRenderingDelegate.m in Sources */,
				FFE6B4491FE148B00033B733 /* UIScrollView+PDFExporterPageInformation.m in Sources */,
				FF2F463C1C3A96130048D8E8 /* UIScrollView+PDFExporterDrawing.m in Sources */,
				FFE6B43D1FE1462E0033B733 /* UIViewPersistenceState.m in Sources */,
				FFE6B4451FE148940033B733 /* UIScrollView+PDFExporterStatePersistanceSubclassing.m in Sources */,
				FFD8794F1FEBDC8C00EE023C /* UITableView+PDFExporterPageInformation.m in Sources */,
				FFE6B4411FE146620033B733 /* UIView+PDFExporterStatePersistanceSubclassing.m in Sources */,
				FF7A16441C317B0B0073001D /* PDFPrintPageRenderer.m in Sources */,
				FF649BAA1C3D00000022A311 /* UIView+PDFExporterStatePersistance.m in Sources */,
				FF5F96271C5774D5000BDEE4 /* UIView+PDFExporterViewSlicing.m in Sources */,
				FF2F46401C3A99190048D8E8 /* UITableView+PDFExporterDrawing.m in Sources */,
				FFE6B44D1FE1493B0033B733 /* UIScrollViewPersistenceState.m in Sources */,
				FF5F962F1C5777DC000BDEE4 /* UIView+PDFExporterPageInformation.m in Sources */,
				FF5F96231C577324000BDEE4 /* PDFWeakObjectContainer.m in Sources */,
			);
			runOnlyForDeploymentPostprocessing = 0;
		};
		FFB7CC751C29A5370051004B /* Sources */ = {
			isa = PBXSourcesBuildPhase;
			buildActionMask = 2147483647;
			files = (
				FFD8794A1FEBADFF00EE023C /* HeaderFooterView.m in Sources */,
				FFFB41971FE80302002BC7E9 /* UIViewRenderingOffsetTests.m in Sources */,
				FFD879471FEBAD9500EE023C /* PDFLongContentViewFactory.m in Sources */,
			);
			runOnlyForDeploymentPostprocessing = 0;
		};
/* End PBXSourcesBuildPhase section */

/* Begin PBXTargetDependency section */
		FFB7CC7C1C29A5370051004B /* PBXTargetDependency */ = {
			isa = PBXTargetDependency;
			target = FFB7CC6E1C29A5370051004B /* PDFExporter */;
			targetProxy = FFB7CC7B1C29A5370051004B /* PBXContainerItemProxy */;
		};
/* End PBXTargetDependency section */

/* Begin XCBuildConfiguration section */
		FFB7CC811C29A5370051004B /* Debug */ = {
			isa = XCBuildConfiguration;
			buildSettings = {
				ALWAYS_SEARCH_USER_PATHS = NO;
				CLANG_CXX_LANGUAGE_STANDARD = "gnu++0x";
				CLANG_CXX_LIBRARY = "libc++";
				CLANG_ENABLE_MODULES = YES;
				CLANG_ENABLE_OBJC_ARC = YES;
				CLANG_WARN_BLOCK_CAPTURE_AUTORELEASING = YES;
				CLANG_WARN_BOOL_CONVERSION = YES;
				CLANG_WARN_COMMA = YES;
				CLANG_WARN_CONSTANT_CONVERSION = YES;
				CLANG_WARN_DEPRECATED_OBJC_IMPLEMENTATIONS = YES;
				CLANG_WARN_DIRECT_OBJC_ISA_USAGE = YES_ERROR;
				CLANG_WARN_EMPTY_BODY = YES;
				CLANG_WARN_ENUM_CONVERSION = YES;
				CLANG_WARN_INFINITE_RECURSION = YES;
				CLANG_WARN_INT_CONVERSION = YES;
				CLANG_WARN_NON_LITERAL_NULL_CONVERSION = YES;
				CLANG_WARN_OBJC_IMPLICIT_RETAIN_SELF = YES;
				CLANG_WARN_OBJC_LITERAL_CONVERSION = YES;
				CLANG_WARN_OBJC_ROOT_CLASS = YES_ERROR;
				CLANG_WARN_RANGE_LOOP_ANALYSIS = YES;
				CLANG_WARN_STRICT_PROTOTYPES = YES;
				CLANG_WARN_SUSPICIOUS_MOVE = YES;
				CLANG_WARN_UNREACHABLE_CODE = YES;
				CLANG_WARN__DUPLICATE_METHOD_MATCH = YES;
				"CODE_SIGN_IDENTITY[sdk=iphoneos*]" = "iPhone Developer";
				COPY_PHASE_STRIP = NO;
				CURRENT_PROJECT_VERSION = 1;
				DEBUG_INFORMATION_FORMAT = dwarf;
				ENABLE_STRICT_OBJC_MSGSEND = YES;
				ENABLE_TESTABILITY = YES;
				GCC_C_LANGUAGE_STANDARD = gnu99;
				GCC_DYNAMIC_NO_PIC = NO;
				GCC_NO_COMMON_BLOCKS = YES;
				GCC_OPTIMIZATION_LEVEL = 0;
				GCC_PREPROCESSOR_DEFINITIONS = (
					"DEBUG=1",
					"$(inherited)",
				);
				GCC_WARN_64_TO_32_BIT_CONVERSION = YES;
				GCC_WARN_ABOUT_RETURN_TYPE = YES_ERROR;
				GCC_WARN_UNDECLARED_SELECTOR = YES;
				GCC_WARN_UNINITIALIZED_AUTOS = YES_AGGRESSIVE;
				GCC_WARN_UNUSED_FUNCTION = YES;
				GCC_WARN_UNUSED_VARIABLE = YES;
				IPHONEOS_DEPLOYMENT_TARGET = 9.0;
				MTL_ENABLE_DEBUG_INFO = YES;
				ONLY_ACTIVE_ARCH = YES;
				SDKROOT = iphoneos;
				TARGETED_DEVICE_FAMILY = "1,2";
				VERSIONING_SYSTEM = "apple-generic";
				VERSION_INFO_PREFIX = "";
			};
			name = Debug;
		};
		FFB7CC821C29A5370051004B /* Release */ = {
			isa = XCBuildConfiguration;
			buildSettings = {
				ALWAYS_SEARCH_USER_PATHS = NO;
				CLANG_CXX_LANGUAGE_STANDARD = "gnu++0x";
				CLANG_CXX_LIBRARY = "libc++";
				CLANG_ENABLE_MODULES = YES;
				CLANG_ENABLE_OBJC_ARC = YES;
				CLANG_WARN_BLOCK_CAPTURE_AUTORELEASING = YES;
				CLANG_WARN_BOOL_CONVERSION = YES;
				CLANG_WARN_COMMA = YES;
				CLANG_WARN_CONSTANT_CONVERSION = YES;
				CLANG_WARN_DEPRECATED_OBJC_IMPLEMENTATIONS = YES;
				CLANG_WARN_DIRECT_OBJC_ISA_USAGE = YES_ERROR;
				CLANG_WARN_EMPTY_BODY = YES;
				CLANG_WARN_ENUM_CONVERSION = YES;
				CLANG_WARN_INFINITE_RECURSION = YES;
				CLANG_WARN_INT_CONVERSION = YES;
				CLANG_WARN_NON_LITERAL_NULL_CONVERSION = YES;
				CLANG_WARN_OBJC_IMPLICIT_RETAIN_SELF = YES;
				CLANG_WARN_OBJC_LITERAL_CONVERSION = YES;
				CLANG_WARN_OBJC_ROOT_CLASS = YES_ERROR;
				CLANG_WARN_RANGE_LOOP_ANALYSIS = YES;
				CLANG_WARN_STRICT_PROTOTYPES = YES;
				CLANG_WARN_SUSPICIOUS_MOVE = YES;
				CLANG_WARN_UNREACHABLE_CODE = YES;
				CLANG_WARN__DUPLICATE_METHOD_MATCH = YES;
				"CODE_SIGN_IDENTITY[sdk=iphoneos*]" = "iPhone Developer";
				COPY_PHASE_STRIP = NO;
				CURRENT_PROJECT_VERSION = 1;
				DEBUG_INFORMATION_FORMAT = "dwarf-with-dsym";
				ENABLE_NS_ASSERTIONS = NO;
				ENABLE_STRICT_OBJC_MSGSEND = YES;
				GCC_C_LANGUAGE_STANDARD = gnu99;
				GCC_NO_COMMON_BLOCKS = YES;
				GCC_WARN_64_TO_32_BIT_CONVERSION = YES;
				GCC_WARN_ABOUT_RETURN_TYPE = YES_ERROR;
				GCC_WARN_UNDECLARED_SELECTOR = YES;
				GCC_WARN_UNINITIALIZED_AUTOS = YES_AGGRESSIVE;
				GCC_WARN_UNUSED_FUNCTION = YES;
				GCC_WARN_UNUSED_VARIABLE = YES;
				IPHONEOS_DEPLOYMENT_TARGET = 9.0;
				MTL_ENABLE_DEBUG_INFO = NO;
				SDKROOT = iphoneos;
				TARGETED_DEVICE_FAMILY = "1,2";
				VALIDATE_PRODUCT = YES;
				VERSIONING_SYSTEM = "apple-generic";
				VERSION_INFO_PREFIX = "";
			};
			name = Release;
		};
		FFB7CC841C29A5370051004B /* Debug */ = {
			isa = XCBuildConfiguration;
			buildSettings = {
				APPLICATION_EXTENSION_API_ONLY = NO;
				BITCODE_GENERATION_MODE = bitcode;
				"CODE_SIGN_IDENTITY[sdk=iphoneos*]" = "";
				DEFINES_MODULE = YES;
				DYLIB_COMPATIBILITY_VERSION = 1;
				DYLIB_CURRENT_VERSION = 1;
				DYLIB_INSTALL_NAME_BASE = "@rpath";
				INFOPLIST_FILE = PDFExporter/Info.plist;
				INSTALL_PATH = "$(LOCAL_LIBRARY_DIR)/Frameworks";
				IPHONEOS_DEPLOYMENT_TARGET = 9.0;
				LD_RUNPATH_SEARCH_PATHS = "$(inherited) @executable_path/Frameworks @loader_path/Frameworks";
				ONLY_ACTIVE_ARCH = YES;
				OTHER_CFLAGS = "";
				PRODUCT_BUNDLE_IDENTIFIER = com.3PillarGlobal.PDFExporter;
				PRODUCT_NAME = "$(TARGET_NAME)";
				SKIP_INSTALL = YES;
			};
			name = Debug;
		};
		FFB7CC851C29A5370051004B /* Release */ = {
			isa = XCBuildConfiguration;
			buildSettings = {
				APPLICATION_EXTENSION_API_ONLY = NO;
				BITCODE_GENERATION_MODE = bitcode;
				"CODE_SIGN_IDENTITY[sdk=iphoneos*]" = "";
				DEFINES_MODULE = YES;
				DYLIB_COMPATIBILITY_VERSION = 1;
				DYLIB_CURRENT_VERSION = 1;
				DYLIB_INSTALL_NAME_BASE = "@rpath";
				INFOPLIST_FILE = PDFExporter/Info.plist;
				INSTALL_PATH = "$(LOCAL_LIBRARY_DIR)/Frameworks";
				IPHONEOS_DEPLOYMENT_TARGET = 9.0;
				LD_RUNPATH_SEARCH_PATHS = "$(inherited) @executable_path/Frameworks @loader_path/Frameworks";
				ONLY_ACTIVE_ARCH = NO;
				OTHER_CFLAGS = "";
				PRODUCT_BUNDLE_IDENTIFIER = com.3PillarGlobal.PDFExporter;
				PRODUCT_NAME = "$(TARGET_NAME)";
				SKIP_INSTALL = YES;
			};
			name = Release;
		};
		FFB7CC871C29A5370051004B /* Debug */ = {
			isa = XCBuildConfiguration;
			buildSettings = {
				INFOPLIST_FILE = PDFExporterTests/Info.plist;
				LD_RUNPATH_SEARCH_PATHS = "$(inherited) @executable_path/Frameworks @loader_path/Frameworks";
				PRODUCT_BUNDLE_IDENTIFIER = com.3PillarGlobal.PDFExporterTests;
				PRODUCT_NAME = "$(TARGET_NAME)";
			};
			name = Debug;
		};
		FFB7CC881C29A5370051004B /* Release */ = {
			isa = XCBuildConfiguration;
			buildSettings = {
				INFOPLIST_FILE = PDFExporterTests/Info.plist;
				LD_RUNPATH_SEARCH_PATHS = "$(inherited) @executable_path/Frameworks @loader_path/Frameworks";
				PRODUCT_BUNDLE_IDENTIFIER = com.3PillarGlobal.PDFExporterTests;
				PRODUCT_NAME = "$(TARGET_NAME)";
			};
			name = Release;
		};
		FFB7CCF61C29ABFF0051004B /* Debug */ = {
			isa = XCBuildConfiguration;
			buildSettings = {
				PRODUCT_NAME = "$(TARGET_NAME)";
			};
			name = Debug;
		};
		FFB7CCF71C29ABFF0051004B /* Release */ = {
			isa = XCBuildConfiguration;
			buildSettings = {
				PRODUCT_NAME = "$(TARGET_NAME)";
			};
			name = Release;
		};
/* End XCBuildConfiguration section */

/* Begin XCConfigurationList section */
		FFB7CC691C29A5370051004B /* Build configuration list for PBXProject "PDFExporter" */ = {
			isa = XCConfigurationList;
			buildConfigurations = (
				FFB7CC811C29A5370051004B /* Debug */,
				FFB7CC821C29A5370051004B /* Release */,
			);
			defaultConfigurationIsVisible = 0;
			defaultConfigurationName = Release;
		};
		FFB7CC831C29A5370051004B /* Build configuration list for PBXNativeTarget "PDFExporter" */ = {
			isa = XCConfigurationList;
			buildConfigurations = (
				FFB7CC841C29A5370051004B /* Debug */,
				FFB7CC851C29A5370051004B /* Release */,
			);
			defaultConfigurationIsVisible = 0;
			defaultConfigurationName = Release;
		};
		FFB7CC861C29A5370051004B /* Build configuration list for PBXNativeTarget "PDFExporterTests" */ = {
			isa = XCConfigurationList;
			buildConfigurations = (
				FFB7CC871C29A5370051004B /* Debug */,
				FFB7CC881C29A5370051004B /* Release */,
			);
			defaultConfigurationIsVisible = 0;
			defaultConfigurationName = Release;
		};
		FFB7CCF51C29ABFF0051004B /* Build configuration list for PBXAggregateTarget "PDFExporterUniversal" */ = {
			isa = XCConfigurationList;
			buildConfigurations = (
				FFB7CCF61C29ABFF0051004B /* Debug */,
				FFB7CCF71C29ABFF0051004B /* Release */,
			);
			defaultConfigurationIsVisible = 0;
			defaultConfigurationName = Release;
		};
/* End XCConfigurationList section */
	};
	rootObject = FFB7CC661C29A5370051004B /* Project object */;
}
