// !$*UTF8*$!
{
	archiveVersion = 1;
	classes = {
	};
	objectVersion = 48;
	objects = {

/* Begin PBXBuildFile section */
		D1637F2F1FD92FDD00283253 /* AppDelegate.swift in Sources */ = {isa = PBXBuildFile; fileRef = D1637F2E1FD92FDD00283253 /* AppDelegate.swift */; };
		D1637F311FD92FDD00283253 /* MainViewController.swift in Sources */ = {isa = PBXBuildFile; fileRef = D1637F301FD92FDD00283253 /* MainViewController.swift */; };
		D1637F361FD92FDD00283253 /* Assets.xcassets in Resources */ = {isa = PBXBuildFile; fileRef = D1637F351FD92FDD00283253 /* Assets.xcassets */; };
		D1637F391FD92FDD00283253 /* LaunchScreen.storyboard in Resources */ = {isa = PBXBuildFile; fileRef = D1637F371FD92FDD00283253 /* LaunchScreen.storyboard */; };
		D1637F4F1FD9319B00283253 /* PDFExporter.framework in Frameworks */ = {isa = PBXBuildFile; fileRef = D1637F4C1FD9313700283253 /* PDFExporter.framework */; };
		D1637F501FD9319B00283253 /* PDFExporter.framework in Embed Frameworks */ = {isa = PBXBuildFile; fileRef = D1637F4C1FD9313700283253 /* PDFExporter.framework */; settings = {ATTRIBUTES = (CodeSignOnCopy, RemoveHeadersOnCopy, ); }; };
		D1637F561FD9336F00283253 /* Main.storyboard in Resources */ = {isa = PBXBuildFile; fileRef = D1637F541FD9336F00283253 /* Main.storyboard */; };
		D1637F581FD9347600283253 /* SettingsViewController.swift in Sources */ = {isa = PBXBuildFile; fileRef = D1637F571FD9347600283253 /* SettingsViewController.swift */; };
		D1637F5B1FD949B000283253 /* Constants.swift in Sources */ = {isa = PBXBuildFile; fileRef = D1637F5A1FD949B000283253 /* Constants.swift */; };
		D1637F5D1FD949BE00283253 /* Utils.swift in Sources */ = {isa = PBXBuildFile; fileRef = D1637F5C1FD949BE00283253 /* Utils.swift */; };
		D1637F601FD94C6D00283253 /* PreviewPDFViewController.swift in Sources */ = {isa = PBXBuildFile; fileRef = D1637F5E1FD94C6D00283253 /* PreviewPDFViewController.swift */; };
		D1637F611FD94C6D00283253 /* PreviewPDFViewController.xib in Resources */ = {isa = PBXBuildFile; fileRef = D1637F5F1FD94C6D00283253 /* PreviewPDFViewController.xib */; };
/* End PBXBuildFile section */

/* Begin PBXContainerItemProxy section */
		D1637F4B1FD9313700283253 /* PBXContainerItemProxy */ = {
			isa = PBXContainerItemProxy;
			containerPortal = D1637F451FD9313700283253 /* PDFExporter.xcodeproj */;
			proxyType = 2;
			remoteGlobalIDString = FFB7CC6F1C29A5370051004B;
			remoteInfo = PDFExporter;
		};
		D1637F4D1FD9313700283253 /* PBXContainerItemProxy */ = {
			isa = PBXContainerItemProxy;
			containerPortal = D1637F451FD9313700283253 /* PDFExporter.xcodeproj */;
			proxyType = 2;
			remoteGlobalIDString = FFB7CC791C29A5370051004B;
			remoteInfo = PDFExporterTests;
		};
		D1637F511FD9319B00283253 /* PBXContainerItemProxy */ = {
			isa = PBXContainerItemProxy;
			containerPortal = D1637F451FD9313700283253 /* PDFExporter.xcodeproj */;
			proxyType = 1;
			remoteGlobalIDString = FFB7CC6E1C29A5370051004B;
			remoteInfo = PDFExporter;
		};
/* End PBXContainerItemProxy section */

/* Begin PBXCopyFilesBuildPhase section */
		D1637F531FD9319B00283253 /* Embed Frameworks */ = {
			isa = PBXCopyFilesBuildPhase;
			buildActionMask = 2147483647;
			dstPath = "";
			dstSubfolderSpec = 10;
			files = (
				D1637F501FD9319B00283253 /* PDFExporter.framework in Embed Frameworks */,
			);
			name = "Embed Frameworks";
			runOnlyForDeploymentPostprocessing = 0;
		};
/* End PBXCopyFilesBuildPhase section */

/* Begin PBXFileReference section */
		D1637F2B1FD92FDD00283253 /* PDFExporterDemo.app */ = {isa = PBXFileReference; explicitFileType = wrapper.application; includeInIndex = 0; path = PDFExporterDemo.app; sourceTree = BUILT_PRODUCTS_DIR; };
		D1637F2E1FD92FDD00283253 /* AppDelegate.swift */ = {isa = PBXFileReference; lastKnownFileType = sourcecode.swift; path = AppDelegate.swift; sourceTree = "<group>"; };
		D1637F301FD92FDD00283253 /* MainViewController.swift */ = {isa = PBXFileReference; lastKnownFileType = sourcecode.swift; path = MainViewController.swift; sourceTree = "<group>"; };
		D1637F351FD92FDD00283253 /* Assets.xcassets */ = {isa = PBXFileReference; lastKnownFileType = folder.assetcatalog; path = Assets.xcassets; sourceTree = "<group>"; };
		D1637F381FD92FDD00283253 /* Base */ = {isa = PBXFileReference; lastKnownFileType = file.storyboard; name = Base; path = Base.lproj/LaunchScreen.storyboard; sourceTree = "<group>"; };
		D1637F3A1FD92FDD00283253 /* Info.plist */ = {isa = PBXFileReference; lastKnownFileType = text.plist.xml; path = Info.plist; sourceTree = "<group>"; };
		D1637F451FD9313700283253 /* PDFExporter.xcodeproj */ = {isa = PBXFileReference; lastKnownFileType = "wrapper.pb-project"; name = PDFExporter.xcodeproj; path = ../../PDFExporter.xcodeproj; sourceTree = "<group>"; };
		D1637F551FD9336F00283253 /* Base */ = {isa = PBXFileReference; lastKnownFileType = file.storyboard; name = Base; path = Base.lproj/Main.storyboard; sourceTree = "<group>"; };
		D1637F571FD9347600283253 /* SettingsViewController.swift */ = {isa = PBXFileReference; lastKnownFileType = sourcecode.swift; path = SettingsViewController.swift; sourceTree = "<group>"; };
		D1637F5A1FD949B000283253 /* Constants.swift */ = {isa = PBXFileReference; lastKnownFileType = sourcecode.swift; path = Constants.swift; sourceTree = "<group>"; };
		D1637F5C1FD949BE00283253 /* Utils.swift */ = {isa = PBXFileReference; lastKnownFileType = sourcecode.swift; path = Utils.swift; sourceTree = "<group>"; };
		D1637F5E1FD94C6D00283253 /* PreviewPDFViewController.swift */ = {isa = PBXFileReference; lastKnownFileType = sourcecode.swift; path = PreviewPDFViewController.swift; sourceTree = "<group>"; };
		D1637F5F1FD94C6D00283253 /* PreviewPDFViewController.xib */ = {isa = PBXFileReference; lastKnownFileType = file.xib; path = PreviewPDFViewController.xib; sourceTree = "<group>"; };
/* End PBXFileReference section */

/* Begin PBXFrameworksBuildPhase section */
		D1637F281FD92FDD00283253 /* Frameworks */ = {
			isa = PBXFrameworksBuildPhase;
			buildActionMask = 2147483647;
			files = (
				D1637F4F1FD9319B00283253 /* PDFExporter.framework in Frameworks */,
			);
			runOnlyForDeploymentPostprocessing = 0;
		};
/* End PBXFrameworksBuildPhase section */

/* Begin PBXGroup section */
		D1637F221FD92FDD00283253 = {
			isa = PBXGroup;
			children = (
				D1637F451FD9313700283253 /* PDFExporter.xcodeproj */,
				D1637F2D1FD92FDD00283253 /* PDFExporterDemo */,
				D1637F2C1FD92FDD00283253 /* Products */,
			);
			sourceTree = "<group>";
		};
		D1637F2C1FD92FDD00283253 /* Products */ = {
			isa = PBXGroup;
			children = (
				D1637F2B1FD92FDD00283253 /* PDFExporterDemo.app */,
			);
			name = Products;
			sourceTree = "<group>";
		};
		D1637F2D1FD92FDD00283253 /* PDFExporterDemo */ = {
			isa = PBXGroup;
			children = (
				D1637F591FD949A200283253 /* Utils */,
				D1637F2E1FD92FDD00283253 /* AppDelegate.swift */,
				D1637F411FD9306100283253 /* Controller */,
				D1637F421FD9306800283253 /* Model */,
				D1637F431FD9307000283253 /* View */,
				D1637F3A1FD92FDD00283253 /* Info.plist */,
				D1637F351FD92FDD00283253 /* Assets.xcassets */,
			);
			path = PDFExporterDemo;
			sourceTree = "<group>";
		};
		D1637F411FD9306100283253 /* Controller */ = {
			isa = PBXGroup;
			children = (
				D1637F301FD92FDD00283253 /* MainViewController.swift */,
				D1637F571FD9347600283253 /* SettingsViewController.swift */,
				D1637F5E1FD94C6D00283253 /* PreviewPDFViewController.swift */,
				D1637F5F1FD94C6D00283253 /* PreviewPDFViewController.xib */,
			);
			path = Controller;
			sourceTree = "<group>";
		};
		D1637F421FD9306800283253 /* Model */ = {
			isa = PBXGroup;
			children = (
			);
			path = Model;
			sourceTree = "<group>";
		};
		D1637F431FD9307000283253 /* View */ = {
			isa = PBXGroup;
			children = (
				D1637F541FD9336F00283253 /* Main.storyboard */,
				D1637F371FD92FDD00283253 /* LaunchScreen.storyboard */,
			);
			path = View;
			sourceTree = "<group>";
		};
		D1637F461FD9313700283253 /* Products */ = {
			isa = PBXGroup;
			children = (
				D1637F4C1FD9313700283253 /* PDFExporter.framework */,
				D1637F4E1FD9313700283253 /* PDFExporterTests.xctest */,
			);
			name = Products;
			sourceTree = "<group>";
		};
		D1637F591FD949A200283253 /* Utils */ = {
			isa = PBXGroup;
			children = (
				D1637F5A1FD949B000283253 /* Constants.swift */,
				D1637F5C1FD949BE00283253 /* Utils.swift */,
			);
			path = Utils;
			sourceTree = "<group>";
		};
/* End PBXGroup section */

/* Begin PBXNativeTarget section */
		D1637F2A1FD92FDD00283253 /* PDFExporterDemo */ = {
			isa = PBXNativeTarget;
			buildConfigurationList = D1637F3D1FD92FDD00283253 /* Build configuration list for PBXNativeTarget "PDFExporterDemo" */;
			buildPhases = (
				D1637F271FD92FDD00283253 /* Sources */,
				D1637F281FD92FDD00283253 /* Frameworks */,
				D1637F291FD92FDD00283253 /* Resources */,
				D1637F531FD9319B00283253 /* Embed Frameworks */,
			);
			buildRules = (
			);
			dependencies = (
				D1637F521FD9319B00283253 /* PBXTargetDependency */,
			);
			name = PDFExporterDemo;
			productName = PDFExporterDemo;
			productReference = D1637F2B1FD92FDD00283253 /* PDFExporterDemo.app */;
			productType = "com.apple.product-type.application";
		};
/* End PBXNativeTarget section */

/* Begin PBXProject section */
		D1637F231FD92FDD00283253 /* Project object */ = {
			isa = PBXProject;
			attributes = {
				LastSwiftUpdateCheck = 0910;
				LastUpgradeCheck = 0910;
				ORGANIZATIONNAME = 3PG;
				TargetAttributes = {
					D1637F2A1FD92FDD00283253 = {
						CreatedOnToolsVersion = 9.1;
						ProvisioningStyle = Automatic;
					};
				};
			};
			buildConfigurationList = D1637F261FD92FDD00283253 /* Build configuration list for PBXProject "PDFExporterDemo" */;
			compatibilityVersion = "Xcode 8.0";
			developmentRegion = en;
			hasScannedForEncodings = 0;
			knownRegions = (
				en,
				Base,
			);
			mainGroup = D1637F221FD92FDD00283253;
			productRefGroup = D1637F2C1FD92FDD00283253 /* Products */;
			projectDirPath = "";
			projectReferences = (
				{
					ProductGroup = D1637F461FD9313700283253 /* Products */;
					ProjectRef = D1637F451FD9313700283253 /* PDFExporter.xcodeproj */;
				},
			);
			projectRoot = "";
			targets = (
				D1637F2A1FD92FDD00283253 /* PDFExporterDemo */,
			);
		};
/* End PBXProject section */

/* Begin PBXReferenceProxy section */
		D1637F4C1FD9313700283253 /* PDFExporter.framework */ = {
			isa = PBXReferenceProxy;
			fileType = wrapper.framework;
			path = PDFExporter.framework;
			remoteRef = D1637F4B1FD9313700283253 /* PBXContainerItemProxy */;
			sourceTree = BUILT_PRODUCTS_DIR;
		};
		D1637F4E1FD9313700283253 /* PDFExporterTests.xctest */ = {
			isa = PBXReferenceProxy;
			fileType = wrapper.cfbundle;
			path = PDFExporterTests.xctest;
			remoteRef = D1637F4D1FD9313700283253 /* PBXContainerItemProxy */;
			sourceTree = BUILT_PRODUCTS_DIR;
		};
/* End PBXReferenceProxy section */

/* Begin PBXResourcesBuildPhase section */
		D1637F291FD92FDD00283253 /* Resources */ = {
			isa = PBXResourcesBuildPhase;
			buildActionMask = 2147483647;
			files = (
				D1637F611FD94C6D00283253 /* PreviewPDFViewController.xib in Resources */,
				D1637F561FD9336F00283253 /* Main.storyboard in Resources */,
				D1637F391FD92FDD00283253 /* LaunchScreen.storyboard in Resources */,
				D1637F361FD92FDD00283253 /* Assets.xcassets in Resources */,
			);
			runOnlyForDeploymentPostprocessing = 0;
		};
/* End PBXResourcesBuildPhase section */

/* Begin PBXSourcesBuildPhase section */
		D1637F271FD92FDD00283253 /* Sources */ = {
			isa = PBXSourcesBuildPhase;
			buildActionMask = 2147483647;
			files = (
				D1637F5D1FD949BE00283253 /* Utils.swift in Sources */,
				D1637F311FD92FDD00283253 /* MainViewController.swift in Sources */,
				D1637F601FD94C6D00283253 /* PreviewPDFViewController.swift in Sources */,
				D1637F2F1FD92FDD00283253 /* AppDelegate.swift in Sources */,
				D1637F581FD9347600283253 /* SettingsViewController.swift in Sources */,
				D1637F5B1FD949B000283253 /* Constants.swift in Sources */,
			);
			runOnlyForDeploymentPostprocessing = 0;
		};
/* End PBXSourcesBuildPhase section */

/* Begin PBXTargetDependency section */
		D1637F521FD9319B00283253 /* PBXTargetDependency */ = {
			isa = PBXTargetDependency;
			name = PDFExporter;
			targetProxy = D1637F511FD9319B00283253 /* PBXContainerItemProxy */;
		};
/* End PBXTargetDependency section */

/* Begin PBXVariantGroup section */
		D1637F371FD92FDD00283253 /* LaunchScreen.storyboard */ = {
			isa = PBXVariantGroup;
			children = (
				D1637F381FD92FDD00283253 /* Base */,
			);
			name = LaunchScreen.storyboard;
			sourceTree = "<group>";
		};
		D1637F541FD9336F00283253 /* Main.storyboard */ = {
			isa = PBXVariantGroup;
			children = (
				D1637F551FD9336F00283253 /* Base */,
			);
			name = Main.storyboard;
			sourceTree = "<group>";
		};
/* End PBXVariantGroup section */

/* Begin XCBuildConfiguration section */
		D1637F3B1FD92FDD00283253 /* Debug */ = {
			isa = XCBuildConfiguration;
			buildSettings = {
				ALWAYS_SEARCH_USER_PATHS = NO;
				CLANG_ANALYZER_NONNULL = YES;
				CLANG_ANALYZER_NUMBER_OBJECT_CONVERSION = YES_AGGRESSIVE;
				CLANG_CXX_LANGUAGE_STANDARD = "gnu++14";
				CLANG_CXX_LIBRARY = "libc++";
				CLANG_ENABLE_MODULES = YES;
				CLANG_ENABLE_OBJC_ARC = YES;
				CLANG_WARN_BLOCK_CAPTURE_AUTORELEASING = YES;
				CLANG_WARN_BOOL_CONVERSION = YES;
				CLANG_WARN_COMMA = YES;
				CLANG_WARN_CONSTANT_CONVERSION = YES;
				CLANG_WARN_DIRECT_OBJC_ISA_USAGE = YES_ERROR;
				CLANG_WARN_DOCUMENTATION_COMMENTS = YES;
				CLANG_WARN_EMPTY_BODY = YES;
				CLANG_WARN_ENUM_CONVERSION = YES;
				CLANG_WARN_INFINITE_RECURSION = YES;
				CLANG_WARN_INT_CONVERSION = YES;
				CLANG_WARN_NON_LITERAL_NULL_CONVERSION = YES;
				CLANG_WARN_OBJC_LITERAL_CONVERSION = YES;
				CLANG_WARN_OBJC_ROOT_CLASS = YES_ERROR;
				CLANG_WARN_RANGE_LOOP_ANALYSIS = YES;
				CLANG_WARN_STRICT_PROTOTYPES = YES;
				CLANG_WARN_SUSPICIOUS_MOVE = YES;
				CLANG_WARN_UNGUARDED_AVAILABILITY = YES_AGGRESSIVE;
				CLANG_WARN_UNREACHABLE_CODE = YES;
				CLANG_WARN__DUPLICATE_METHOD_MATCH = YES;
				CODE_SIGN_IDENTITY = "iPhone Developer";
				COPY_PHASE_STRIP = NO;
				DEBUG_INFORMATION_FORMAT = dwarf;
				ENABLE_STRICT_OBJC_MSGSEND = YES;
				ENABLE_TESTABILITY = YES;
				GCC_C_LANGUAGE_STANDARD = gnu11;
				GCC_DYNAMIC_NO_PIC = NO;
				GCC_NO_COMMON_BLOCKS = YES;
				GCC_OPTIMIZATION_LEVEL = 0;
				GCC_PREPROCESSOR_DEFINITIONS = (
					"DEBUG=1",
					"$(inherited)",
				);
				GCC_WARN_64_TO_32_BIT_CONVERSION = YES;
				GCC_WARN_ABOUT_RETURN_TYPE = YES_ERROR;
				GCC_WARN_UNDECLARED_SELECTOR = YES;
				GCC_WARN_UNINITIALIZED_AUTOS = YES_AGGRESSIVE;
				GCC_WARN_UNUSED_FUNCTION = YES;
				GCC_WARN_UNUSED_VARIABLE = YES;
				IPHONEOS_DEPLOYMENT_TARGET = 11.1;
				MTL_ENABLE_DEBUG_INFO = YES;
				ONLY_ACTIVE_ARCH = YES;
				SDKROOT = iphoneos;
				SWIFT_ACTIVE_COMPILATION_CONDITIONS = DEBUG;
				SWIFT_OPTIMIZATION_LEVEL = "-Onone";
			};
			name = Debug;
		};
		D1637F3C1FD92FDD00283253 /* Release */ = {
			isa = XCBuildConfiguration;
			buildSettings = {
				ALWAYS_SEARCH_USER_PATHS = NO;
				CLANG_ANALYZER_NONNULL = YES;
				CLANG_ANALYZER_NUMBER_OBJECT_CONVERSION = YES_AGGRESSIVE;
				CLANG_CXX_LANGUAGE_STANDARD = "gnu++14";
				CLANG_CXX_LIBRARY = "libc++";
				CLANG_ENABLE_MODULES = YES;
				CLANG_ENABLE_OBJC_ARC = YES;
				CLANG_WARN_BLOCK_CAPTURE_AUTORELEASING = YES;
				CLANG_WARN_BOOL_CONVERSION = YES;
				CLANG_WARN_COMMA = YES;
				CLANG_WARN_CONSTANT_CONVERSION = YES;
				CLANG_WARN_DIRECT_OBJC_ISA_USAGE = YES_ERROR;
				CLANG_WARN_DOCUMENTATION_COMMENTS = YES;
				CLANG_WARN_EMPTY_BODY = YES;
				CLANG_WARN_ENUM_CONVERSION = YES;
				CLANG_WARN_INFINITE_RECURSION = YES;
				CLANG_WARN_INT_CONVERSION = YES;
				CLANG_WARN_NON_LITERAL_NULL_CONVERSION = YES;
				CLANG_WARN_OBJC_LITERAL_CONVERSION = YES;
				CLANG_WARN_OBJC_ROOT_CLASS = YES_ERROR;
				CLANG_WARN_RANGE_LOOP_ANALYSIS = YES;
				CLANG_WARN_STRICT_PROTOTYPES = YES;
				CLANG_WARN_SUSPICIOUS_MOVE = YES;
				CLANG_WARN_UNGUARDED_AVAILABILITY = YES_AGGRESSIVE;
				CLANG_WARN_UNREACHABLE_CODE = YES;
				CLANG_WARN__DUPLICATE_METHOD_MATCH = YES;
				CODE_SIGN_IDENTITY = "iPhone Developer";
				COPY_PHASE_STRIP = NO;
				DEBUG_INFORMATION_FORMAT = "dwarf-with-dsym";
				ENABLE_NS_ASSERTIONS = NO;
				ENABLE_STRICT_OBJC_MSGSEND = YES;
				GCC_C_LANGUAGE_STANDARD = gnu11;
				GCC_NO_COMMON_BLOCKS = YES;
				GCC_WARN_64_TO_32_BIT_CONVERSION = YES;
				GCC_WARN_ABOUT_RETURN_TYPE = YES_ERROR;
				GCC_WARN_UNDECLARED_SELECTOR = YES;
				GCC_WARN_UNINITIALIZED_AUTOS = YES_AGGRESSIVE;
				GCC_WARN_UNUSED_FUNCTION = YES;
				GCC_WARN_UNUSED_VARIABLE = YES;
				IPHONEOS_DEPLOYMENT_TARGET = 11.1;
				MTL_ENABLE_DEBUG_INFO = NO;
				SDKROOT = iphoneos;
				SWIFT_OPTIMIZATION_LEVEL = "-Owholemodule";
				VALIDATE_PRODUCT = YES;
			};
			name = Release;
		};
		D1637F3E1FD92FDD00283253 /* Debug */ = {
			isa = XCBuildConfiguration;
			buildSettings = {
				CODE_SIGN_STYLE = Automatic;
				INFOPLIST_FILE = PDFExporterDemo/Info.plist;
				LD_RUNPATH_SEARCH_PATHS = "$(inherited) @executable_path/Frameworks";
				PRODUCT_BUNDLE_IDENTIFIER = com.PDFExporterDemo;
				PRODUCT_NAME = "$(TARGET_NAME)";
				SWIFT_VERSION = 4.0;
				TARGETED_DEVICE_FAMILY = "1,2";
			};
			name = Debug;
		};
		D1637F3F1FD92FDD00283253 /* Release */ = {
			isa = XCBuildConfiguration;
			buildSettings = {
				CODE_SIGN_STYLE = Automatic;
				INFOPLIST_FILE = PDFExporterDemo/Info.plist;
				LD_RUNPATH_SEARCH_PATHS = "$(inherited) @executable_path/Frameworks";
				PRODUCT_BUNDLE_IDENTIFIER = com.PDFExporterDemo;
				PRODUCT_NAME = "$(TARGET_NAME)";
				SWIFT_VERSION = 4.0;
				TARGETED_DEVICE_FAMILY = "1,2";
			};
			name = Release;
		};
/* End XCBuildConfiguration section */

/* Begin XCConfigurationList section */
		D1637F261FD92FDD00283253 /* Build configuration list for PBXProject "PDFExporterDemo" */ = {
			isa = XCConfigurationList;
			buildConfigurations = (
				D1637F3B1FD92FDD00283253 /* Debug */,
				D1637F3C1FD92FDD00283253 /* Release */,
			);
			defaultConfigurationIsVisible = 0;
			defaultConfigurationName = Release;
		};
		D1637F3D1FD92FDD00283253 /* Build configuration list for PBXNativeTarget "PDFExporterDemo" */ = {
			isa = XCConfigurationList;
			buildConfigurations = (
				D1637F3E1FD92FDD00283253 /* Debug */,
				D1637F3F1FD92FDD00283253 /* Release */,
			);
			defaultConfigurationIsVisible = 0;
			defaultConfigurationName = Release;
		};
/* End XCConfigurationList section */
	};
	rootObject = D1637F231FD92FDD00283253 /* Project object */;
}
